// !$*UTF8*$!
{
	archiveVersion = 1;
	classes = {
	};
	objectVersion = 46;
	objects = {

/* Begin PBXBuildFile section */
		3694B04F1D911FD600349B4E /* main.m in Sources */ = {isa = PBXBuildFile; fileRef = 3694B04E1D911FD600349B4E /* main.m */; };
		3694B0521D911FD600349B4E /* AppDelegate.m in Sources */ = {isa = PBXBuildFile; fileRef = 3694B0511D911FD600349B4E /* AppDelegate.m */; };
		3694B0551D911FD600349B4E /* ViewController.m in Sources */ = {isa = PBXBuildFile; fileRef = 3694B0541D911FD600349B4E /* ViewController.m */; };
		3694B0581D911FD600349B4E /* Main.storyboard in Resources */ = {isa = PBXBuildFile; fileRef = 3694B0561D911FD600349B4E /* Main.storyboard */; };
		3694B05A1D911FD600349B4E /* Assets.xcassets in Resources */ = {isa = PBXBuildFile; fileRef = 3694B0591D911FD600349B4E /* Assets.xcassets */; };
		3694B05D1D911FD600349B4E /* LaunchScreen.storyboard in Resources */ = {isa = PBXBuildFile; fileRef = 3694B05B1D911FD600349B4E /* LaunchScreen.storyboard */; };
		3694B0681D911FD600349B4E /* HandWarmerTests.m in Sources */ = {isa = PBXBuildFile; fileRef = 3694B0671D911FD600349B4E /* HandWarmerTests.m */; };
		3694B0731D911FD600349B4E /* HandWarmerUITests.m in Sources */ = {isa = PBXBuildFile; fileRef = 3694B0721D911FD600349B4E /* HandWarmerUITests.m */; };
		3694B0831D913E4400349B4E /* MMPDeepSleepPreventer.m in Sources */ = {isa = PBXBuildFile; fileRef = 3694B0811D913E4400349B4E /* MMPDeepSleepPreventer.m */; settings = {COMPILER_FLAGS = "-fno-objc-arc"; }; };
		3694B0841D913E4400349B4E /* MMPSilence.wav in Resources */ = {isa = PBXBuildFile; fileRef = 3694B0821D913E4400349B4E /* MMPSilence.wav */; };
/* End PBXBuildFile section */

/* Begin PBXContainerItemProxy section */
		3694B0641D911FD600349B4E /* PBXContainerItemProxy */ = {
			isa = PBXContainerItemProxy;
			containerPortal = 3694B0421D911FD600349B4E /* Project object */;
			proxyType = 1;
			remoteGlobalIDString = 3694B0491D911FD600349B4E;
			remoteInfo = HandWarmer;
		};
		3694B06F1D911FD600349B4E /* PBXContainerItemProxy */ = {
			isa = PBXContainerItemProxy;
			containerPortal = 3694B0421D911FD600349B4E /* Project object */;
			proxyType = 1;
			remoteGlobalIDString = 3694B0491D911FD600349B4E;
			remoteInfo = HandWarmer;
		};
/* End PBXContainerItemProxy section */

/* Begin PBXFileReference section */
		3694B04A1D911FD600349B4E /* HandWarmer.app */ = {isa = PBXFileReference; explicitFileType = wrapper.application; includeInIndex = 0; path = HandWarmer.app; sourceTree = BUILT_PRODUCTS_DIR; };
		3694B04E1D911FD600349B4E /* main.m */ = {isa = PBXFileReference; lastKnownFileType = sourcecode.c.objc; path = main.m; sourceTree = "<group>"; };
		3694B0501D911FD600349B4E /* AppDelegate.h */ = {isa = PBXFileReference; lastKnownFileType = sourcecode.c.h; path = AppDelegate.h; sourceTree = "<group>"; };
		3694B0511D911FD600349B4E /* AppDelegate.m */ = {isa = PBXFileReference; lastKnownFileType = sourcecode.c.objc; path = AppDelegate.m; sourceTree = "<group>"; };
		3694B0531D911FD600349B4E /* ViewController.h */ = {isa = PBXFileReference; lastKnownFileType = sourcecode.c.h; path = ViewController.h; sourceTree = "<group>"; };
		3694B0541D911FD600349B4E /* ViewController.m */ = {isa = PBXFileReference; lastKnownFileType = sourcecode.c.objc; path = ViewController.m; sourceTree = "<group>"; };
		3694B0571D911FD600349B4E /* Base */ = {isa = PBXFileReference; lastKnownFileType = file.storyboard; name = Base; path = Base.lproj/Main.storyboard; sourceTree = "<group>"; };
		3694B0591D911FD600349B4E /* Assets.xcassets */ = {isa = PBXFileReference; lastKnownFileType = folder.assetcatalog; path = Assets.xcassets; sourceTree = "<group>"; };
		3694B05C1D911FD600349B4E /* Base */ = {isa = PBXFileReference; lastKnownFileType = file.storyboard; name = Base; path = Base.lproj/LaunchScreen.storyboard; sourceTree = "<group>"; };
		3694B05E1D911FD600349B4E /* Info.plist */ = {isa = PBXFileReference; lastKnownFileType = text.plist.xml; path = Info.plist; sourceTree = "<group>"; };
		3694B0631D911FD600349B4E /* HandWarmerTests.xctest */ = {isa = PBXFileReference; explicitFileType = wrapper.cfbundle; includeInIndex = 0; path = HandWarmerTests.xctest; sourceTree = BUILT_PRODUCTS_DIR; };
		3694B0671D911FD600349B4E /* HandWarmerTests.m */ = {isa = PBXFileReference; lastKnownFileType = sourcecode.c.objc; path = HandWarmerTests.m; sourceTree = "<group>"; };
		3694B0691D911FD600349B4E /* Info.plist */ = {isa = PBXFileReference; lastKnownFileType = text.plist.xml; path = Info.plist; sourceTree = "<group>"; };
		3694B06E1D911FD600349B4E /* HandWarmerUITests.xctest */ = {isa = PBXFileReference; explicitFileType = wrapper.cfbundle; includeInIndex = 0; path = HandWarmerUITests.xctest; sourceTree = BUILT_PRODUCTS_DIR; };
		3694B0721D911FD600349B4E /* HandWarmerUITests.m */ = {isa = PBXFileReference; lastKnownFileType = sourcecode.c.objc; path = HandWarmerUITests.m; sourceTree = "<group>"; };
		3694B0741D911FD600349B4E /* Info.plist */ = {isa = PBXFileReference; lastKnownFileType = text.plist.xml; path = Info.plist; sourceTree = "<group>"; };
		3694B0801D913E4400349B4E /* MMPDeepSleepPreventer.h */ = {isa = PBXFileReference; fileEncoding = 4; lastKnownFileType = sourcecode.c.h; path = MMPDeepSleepPreventer.h; sourceTree = "<group>"; };
		3694B0811D913E4400349B4E /* MMPDeepSleepPreventer.m */ = {isa = PBXFileReference; fileEncoding = 4; lastKnownFileType = sourcecode.c.objc; path = MMPDeepSleepPreventer.m; sourceTree = "<group>"; };
		3694B0821D913E4400349B4E /* MMPSilence.wav */ = {isa = PBXFileReference; lastKnownFileType = audio.wav; path = MMPSilence.wav; sourceTree = "<group>"; };
/* End PBXFileReference section */

/* Begin PBXFrameworksBuildPhase section */
		3694B0471D911FD600349B4E /* Frameworks */ = {
			isa = PBXFrameworksBuildPhase;
			buildActionMask = 2147483647;
			files = (
			);
			runOnlyForDeploymentPostprocessing = 0;
		};
		3694B0601D911FD600349B4E /* Frameworks */ = {
			isa = PBXFrameworksBuildPhase;
			buildActionMask = 2147483647;
			files = (
			);
			runOnlyForDeploymentPostprocessing = 0;
		};
		3694B06B1D911FD600349B4E /* Frameworks */ = {
			isa = PBXFrameworksBuildPhase;
			buildActionMask = 2147483647;
			files = (
			);
			runOnlyForDeploymentPostprocessing = 0;
		};
/* End PBXFrameworksBuildPhase section */

/* Begin PBXGroup section */
		3694B0411D911FD600349B4E = {
			isa = PBXGroup;
			children = (
				3694B04C1D911FD600349B4E /* HandWarmer */,
				3694B0661D911FD600349B4E /* HandWarmerTests */,
				3694B0711D911FD600349B4E /* HandWarmerUITests */,
				3694B04B1D911FD600349B4E /* Products */,
			);
			sourceTree = "<group>";
		};
		3694B04B1D911FD600349B4E /* Products */ = {
			isa = PBXGroup;
			children = (
				3694B04A1D911FD600349B4E /* HandWarmer.app */,
				3694B0631D911FD600349B4E /* HandWarmerTests.xctest */,
				3694B06E1D911FD600349B4E /* HandWarmerUITests.xctest */,
			);
			name = Products;
			sourceTree = "<group>";
		};
		3694B04C1D911FD600349B4E /* HandWarmer */ = {
			isa = PBXGroup;
			children = (
				3694B0501D911FD600349B4E /* AppDelegate.h */,
				3694B0511D911FD600349B4E /* AppDelegate.m */,
				3694B0531D911FD600349B4E /* ViewController.h */,
				3694B0541D911FD600349B4E /* ViewController.m */,
				3694B0801D913E4400349B4E /* MMPDeepSleepPreventer.h */,
				3694B0811D913E4400349B4E /* MMPDeepSleepPreventer.m */,
				3694B0821D913E4400349B4E /* MMPSilence.wav */,
				3694B0561D911FD600349B4E /* Main.storyboard */,
				3694B0591D911FD600349B4E /* Assets.xcassets */,
				3694B05B1D911FD600349B4E /* LaunchScreen.storyboard */,
				3694B05E1D911FD600349B4E /* Info.plist */,
				3694B04D1D911FD600349B4E /* Supporting Files */,
			);
			path = HandWarmer;
			sourceTree = "<group>";
		};
		3694B04D1D911FD600349B4E /* Supporting Files */ = {
			isa = PBXGroup;
			children = (
				3694B04E1D911FD600349B4E /* main.m */,
			);
			name = "Supporting Files";
			sourceTree = "<group>";
		};
		3694B0661D911FD600349B4E /* HandWarmerTests */ = {
			isa = PBXGroup;
			children = (
				3694B0671D911FD600349B4E /* HandWarmerTests.m */,
				3694B0691D911FD600349B4E /* Info.plist */,
			);
			path = HandWarmerTests;
			sourceTree = "<group>";
		};
		3694B0711D911FD600349B4E /* HandWarmerUITests */ = {
			isa = PBXGroup;
			children = (
				3694B0721D911FD600349B4E /* HandWarmerUITests.m */,
				3694B0741D911FD600349B4E /* Info.plist */,
			);
			path = HandWarmerUITests;
			sourceTree = "<group>";
		};
/* End PBXGroup section */

/* Begin PBXNativeTarget section */
		3694B0491D911FD600349B4E /* HandWarmer */ = {
			isa = PBXNativeTarget;
			buildConfigurationList = 3694B0771D911FD600349B4E /* Build configuration list for PBXNativeTarget "HandWarmer" */;
			buildPhases = (
				3694B0461D911FD600349B4E /* Sources */,
				3694B0471D911FD600349B4E /* Frameworks */,
				3694B0481D911FD600349B4E /* Resources */,
			);
			buildRules = (
			);
			dependencies = (
			);
			name = HandWarmer;
			productName = HandWarmer;
			productReference = 3694B04A1D911FD600349B4E /* HandWarmer.app */;
			productType = "com.apple.product-type.application";
		};
		3694B0621D911FD600349B4E /* HandWarmerTests */ = {
			isa = PBXNativeTarget;
			buildConfigurationList = 3694B07A1D911FD600349B4E /* Build configuration list for PBXNativeTarget "HandWarmerTests" */;
			buildPhases = (
				3694B05F1D911FD600349B4E /* Sources */,
				3694B0601D911FD600349B4E /* Frameworks */,
				3694B0611D911FD600349B4E /* Resources */,
			);
			buildRules = (
			);
			dependencies = (
				3694B0651D911FD600349B4E /* PBXTargetDependency */,
			);
			name = HandWarmerTests;
			productName = HandWarmerTests;
			productReference = 3694B0631D911FD600349B4E /* HandWarmerTests.xctest */;
			productType = "com.apple.product-type.bundle.unit-test";
		};
		3694B06D1D911FD600349B4E /* HandWarmerUITests */ = {
			isa = PBXNativeTarget;
			buildConfigurationList = 3694B07D1D911FD600349B4E /* Build configuration list for PBXNativeTarget "HandWarmerUITests" */;
			buildPhases = (
				3694B06A1D911FD600349B4E /* Sources */,
				3694B06B1D911FD600349B4E /* Frameworks */,
				3694B06C1D911FD600349B4E /* Resources */,
			);
			buildRules = (
			);
			dependencies = (
				3694B0701D911FD600349B4E /* PBXTargetDependency */,
			);
			name = HandWarmerUITests;
			productName = HandWarmerUITests;
			productReference = 3694B06E1D911FD600349B4E /* HandWarmerUITests.xctest */;
			productType = "com.apple.product-type.bundle.ui-testing";
		};
/* End PBXNativeTarget section */

/* Begin PBXProject section */
		3694B0421D911FD600349B4E /* Project object */ = {
			isa = PBXProject;
			attributes = {
				LastUpgradeCheck = 0730;
				ORGANIZATIONNAME = "谭志强";
				TargetAttributes = {
					3694B0491D911FD600349B4E = {
						CreatedOnToolsVersion = 7.3.1;
					};
					3694B0621D911FD600349B4E = {
						CreatedOnToolsVersion = 7.3.1;
						TestTargetID = 3694B0491D911FD600349B4E;
					};
					3694B06D1D911FD600349B4E = {
						CreatedOnToolsVersion = 7.3.1;
						TestTargetID = 3694B0491D911FD600349B4E;
					};
				};
			};
			buildConfigurationList = 3694B0451D911FD600349B4E /* Build configuration list for PBXProject "HandWarmer" */;
			compatibilityVersion = "Xcode 3.2";
			developmentRegion = English;
			hasScannedForEncodings = 0;
			knownRegions = (
				en,
				Base,
			);
			mainGroup = 3694B0411D911FD600349B4E;
			productRefGroup = 3694B04B1D911FD600349B4E /* Products */;
			projectDirPath = "";
			projectRoot = "";
			targets = (
				3694B0491D911FD600349B4E /* HandWarmer */,
				3694B0621D911FD600349B4E /* HandWarmerTests */,
				3694B06D1D911FD600349B4E /* HandWarmerUITests */,
			);
		};
/* End PBXProject section */

/* Begin PBXResourcesBuildPhase section */
		3694B0481D911FD600349B4E /* Resources */ = {
			isa = PBXResourcesBuildPhase;
			buildActionMask = 2147483647;
			files = (
				3694B05D1D911FD600349B4E /* LaunchScreen.storyboard in Resources */,
				3694B05A1D911FD600349B4E /* Assets.xcassets in Resources */,
				3694B0581D911FD600349B4E /* Main.storyboard in Resources */,
				3694B0841D913E4400349B4E /* MMPSilence.wav in Resources */,
			);
			runOnlyForDeploymentPostprocessing = 0;
		};
		3694B0611D911FD600349B4E /* Resources */ = {
			isa = PBXResourcesBuildPhase;
			buildActionMask = 2147483647;
			files = (
			);
			runOnlyForDeploymentPostprocessing = 0;
		};
		3694B06C1D911FD600349B4E /* Resources */ = {
			isa = PBXResourcesBuildPhase;
			buildActionMask = 2147483647;
			files = (
			);
			runOnlyForDeploymentPostprocessing = 0;
		};
/* End PBXResourcesBuildPhase section */

/* Begin PBXSourcesBuildPhase section */
		3694B0461D911FD600349B4E /* Sources */ = {
			isa = PBXSourcesBuildPhase;
			buildActionMask = 2147483647;
			files = (
				3694B0551D911FD600349B4E /* ViewController.m in Sources */,
				3694B0521D911FD600349B4E /* AppDelegate.m in Sources */,
				3694B0831D913E4400349B4E /* MMPDeepSleepPreventer.m in Sources */,
				3694B04F1D911FD600349B4E /* main.m in Sources */,
			);
			runOnlyForDeploymentPostprocessing = 0;
		};
		3694B05F1D911FD600349B4E /* Sources */ = {
			isa = PBXSourcesBuildPhase;
			buildActionMask = 2147483647;
			files = (
				3694B0681D911FD600349B4E /* HandWarmerTests.m in Sources */,
			);
			runOnlyForDeploymentPostprocessing = 0;
		};
		3694B06A1D911FD600349B4E /* Sources */ = {
			isa = PBXSourcesBuildPhase;
			buildActionMask = 2147483647;
			files = (
				3694B0731D911FD600349B4E /* HandWarmerUITests.m in Sources */,
			);
			runOnlyForDeploymentPostprocessing = 0;
		};
/* End PBXSourcesBuildPhase section */

/* Begin PBXTargetDependency section */
		3694B0651D911FD600349B4E /* PBXTargetDependency */ = {
			isa = PBXTargetDependency;
			target = 3694B0491D911FD600349B4E /* HandWarmer */;
			targetProxy = 3694B0641D911FD600349B4E /* PBXContainerItemProxy */;
		};
		3694B0701D911FD600349B4E /* PBXTargetDependency */ = {
			isa = PBXTargetDependency;
			target = 3694B0491D911FD600349B4E /* HandWarmer */;
			targetProxy = 3694B06F1D911FD600349B4E /* PBXContainerItemProxy */;
		};
/* End PBXTargetDependency section */

/* Begin PBXVariantGroup section */
		3694B0561D911FD600349B4E /* Main.storyboard */ = {
			isa = PBXVariantGroup;
			children = (
				3694B0571D911FD600349B4E /* Base */,
			);
			name = Main.storyboard;
			sourceTree = "<group>";
		};
		3694B05B1D911FD600349B4E /* LaunchScreen.storyboard */ = {
			isa = PBXVariantGroup;
			children = (
				3694B05C1D911FD600349B4E /* Base */,
			);
			name = LaunchScreen.storyboard;
			sourceTree = "<group>";
		};
/* End PBXVariantGroup section */

/* Begin XCBuildConfiguration section */
		3694B0751D911FD600349B4E /* Debug */ = {
			isa = XCBuildConfiguration;
			buildSettings = {
				ALWAYS_SEARCH_USER_PATHS = NO;
				CLANG_ANALYZER_NONNULL = YES;
				CLANG_CXX_LANGUAGE_STANDARD = "gnu++0x";
				CLANG_CXX_LIBRARY = "libc++";
				CLANG_ENABLE_MODULES = YES;
				CLANG_ENABLE_OBJC_ARC = YES;
				CLANG_WARN_BOOL_CONVERSION = YES;
				CLANG_WARN_CONSTANT_CONVERSION = YES;
				CLANG_WARN_DIRECT_OBJC_ISA_USAGE = YES_ERROR;
				CLANG_WARN_EMPTY_BODY = YES;
				CLANG_WARN_ENUM_CONVERSION = YES;
				CLANG_WARN_INT_CONVERSION = YES;
				CLANG_WARN_OBJC_ROOT_CLASS = YES_ERROR;
				CLANG_WARN_UNREACHABLE_CODE = YES;
				CLANG_WARN__DUPLICATE_METHOD_MATCH = YES;
				CODE_SIGN_IDENTITY = "iPhone Developer: Yongdong Wei (C2BE3FY4S8)";
				"CODE_SIGN_IDENTITY[sdk=iphoneos*]" = "iPhone Developer: Yongdong Wei (C2BE3FY4S8)";
				COPY_PHASE_STRIP = NO;
				DEBUG_INFORMATION_FORMAT = dwarf;
				ENABLE_STRICT_OBJC_MSGSEND = YES;
				ENABLE_TESTABILITY = YES;
				GCC_C_LANGUAGE_STANDARD = gnu99;
				GCC_DYNAMIC_NO_PIC = NO;
				GCC_NO_COMMON_BLOCKS = YES;
				GCC_OPTIMIZATION_LEVEL = 0;
				GCC_PREPROCESSOR_DEFINITIONS = (
					"DEBUG=1",
					"$(inherited)",
				);
				GCC_WARN_64_TO_32_BIT_CONVERSION = YES;
				GCC_WARN_ABOUT_RETURN_TYPE = YES_ERROR;
				GCC_WARN_UNDECLARED_SELECTOR = YES;
				GCC_WARN_UNINITIALIZED_AUTOS = YES_AGGRESSIVE;
				GCC_WARN_UNUSED_FUNCTION = YES;
				GCC_WARN_UNUSED_VARIABLE = YES;
				IPHONEOS_DEPLOYMENT_TARGET = 7.0;
				MTL_ENABLE_DEBUG_INFO = YES;
				ONLY_ACTIVE_ARCH = YES;
				PROVISIONING_PROFILE = "ebe68f4e-db9d-4a44-9fb0-d9df535a2f64";
				SDKROOT = iphoneos;
				TARGETED_DEVICE_FAMILY = "1,2";
			};
			name = Debug;
		};
		3694B0761D911FD600349B4E /* Release */ = {
			isa = XCBuildConfiguration;
			buildSettings = {
				ALWAYS_SEARCH_USER_PATHS = NO;
				CLANG_ANALYZER_NONNULL = YES;
				CLANG_CXX_LANGUAGE_STANDARD = "gnu++0x";
				CLANG_CXX_LIBRARY = "libc++";
				CLANG_ENABLE_MODULES = YES;
				CLANG_ENABLE_OBJC_ARC = YES;
				CLANG_WARN_BOOL_CONVERSION = YES;
				CLANG_WARN_CONSTANT_CONVERSION = YES;
				CLANG_WARN_DIRECT_OBJC_ISA_USAGE = YES_ERROR;
				CLANG_WARN_EMPTY_BODY = YES;
				CLANG_WARN_ENUM_CONVERSION = YES;
				CLANG_WARN_INT_CONVERSION = YES;
				CLANG_WARN_OBJC_ROOT_CLASS = YES_ERROR;
				CLANG_WARN_UNREACHABLE_CODE = YES;
				CLANG_WARN__DUPLICATE_METHOD_MATCH = YES;
				CODE_SIGN_IDENTITY = "iPhone Developer: Yongdong Wei (C2BE3FY4S8)";
				"CODE_SIGN_IDENTITY[sdk=iphoneos*]" = "iPhone Developer: Yongdong Wei (C2BE3FY4S8)";
				COPY_PHASE_STRIP = NO;
				DEBUG_INFORMATION_FORMAT = "dwarf-with-dsym";
				ENABLE_NS_ASSERTIONS = NO;
				ENABLE_STRICT_OBJC_MSGSEND = YES;
				GCC_C_LANGUAGE_STANDARD = gnu99;
				GCC_NO_COMMON_BLOCKS = YES;
				GCC_WARN_64_TO_32_BIT_CONVERSION = YES;
				GCC_WARN_ABOUT_RETURN_TYPE = YES_ERROR;
				GCC_WARN_UNDECLARED_SELECTOR = YES;
				GCC_WARN_UNINITIALIZED_AUTOS = YES_AGGRESSIVE;
				GCC_WARN_UNUSED_FUNCTION = YES;
				GCC_WARN_UNUSED_VARIABLE = YES;
				IPHONEOS_DEPLOYMENT_TARGET = 7.0;
				MTL_ENABLE_DEBUG_INFO = NO;
				PROVISIONING_PROFILE = "ebe68f4e-db9d-4a44-9fb0-d9df535a2f64";
				SDKROOT = iphoneos;
				TARGETED_DEVICE_FAMILY = "1,2";
				VALIDATE_PRODUCT = YES;
			};
			name = Release;
		};
		3694B0781D911FD600349B4E /* Debug */ = {
			isa = XCBuildConfiguration;
			buildSettings = {
				ASSETCATALOG_COMPILER_APPICON_NAME = AppIcon;
				CODE_SIGN_IDENTITY = "iPhone Developer: Yongdong Wei (C2BE3FY4S8)";
				"CODE_SIGN_IDENTITY[sdk=iphoneos*]" = "iPhone Developer: Yongdong Wei (C2BE3FY4S8)";
				INFOPLIST_FILE = HandWarmer/Info.plist;
				IPHONEOS_DEPLOYMENT_TARGET = 7.0;
				LD_RUNPATH_SEARCH_PATHS = "$(inherited) @executable_path/Frameworks";
				PRODUCT_BUNDLE_IDENTIFIER = com.guoxin.taijiu.warm;
				PRODUCT_NAME = "$(TARGET_NAME)";
				PROVISIONING_PROFILE = "ebe68f4e-db9d-4a44-9fb0-d9df535a2f64";
			};
			name = Debug;
		};
		3694B0791D911FD600349B4E /* Release */ = {
			isa = XCBuildConfiguration;
			buildSettings = {
				ASSETCATALOG_COMPILER_APPICON_NAME = AppIcon;
				CODE_SIGN_IDENTITY = "iPhone Developer: Yongdong Wei (C2BE3FY4S8)";
				INFOPLIST_FILE = HandWarmer/Info.plist;
				IPHONEOS_DEPLOYMENT_TARGET = 7.0;
				LD_RUNPATH_SEARCH_PATHS = "$(inherited) @executable_path/Frameworks";
				PRODUCT_BUNDLE_IDENTIFIER = com.guoxin.taijiu.warm;
				PRODUCT_NAME = "$(TARGET_NAME)";
				PROVISIONING_PROFILE = "ebe68f4e-db9d-4a44-9fb0-d9df535a2f64";
			};
			name = Release;
		};
		3694B07B1D911FD600349B4E /* Debug */ = {
			isa = XCBuildConfiguration;
			buildSettings = {
				BUNDLE_LOADER = "$(TEST_HOST)";
				INFOPLIST_FILE = HandWarmerTests/Info.plist;
				LD_RUNPATH_SEARCH_PATHS = "$(inherited) @executable_path/Frameworks @loader_path/Frameworks";
				PRODUCT_BUNDLE_IDENTIFIER = dd.HandWarmerTests;
				PRODUCT_NAME = "$(TARGET_NAME)";
				TEST_HOST = "$(BUILT_PRODUCTS_DIR)/HandWarmer.app/HandWarmer";
			};
			name = Debug;
		};
		3694B07C1D911FD600349B4E /* Release */ = {
			isa = XCBuildConfiguration;
			buildSettings = {
				BUNDLE_LOADER = "$(TEST_HOST)";
				INFOPLIST_FILE = HandWarmerTests/Info.plist;
				LD_RUNPATH_SEARCH_PATHS = "$(inherited) @executable_path/Frameworks @loader_path/Frameworks";
				PRODUCT_BUNDLE_IDENTIFIER = dd.HandWarmerTests;
				PRODUCT_NAME = "$(TARGET_NAME)";
				TEST_HOST = "$(BUILT_PRODUCTS_DIR)/HandWarmer.app/HandWarmer";
			};
			name = Release;
		};
		3694B07E1D911FD600349B4E /* Debug */ = {
			isa = XCBuildConfiguration;
			buildSettings = {
				INFOPLIST_FILE = HandWarmerUITests/Info.plist;
				LD_RUNPATH_SEARCH_PATHS = "$(inherited) @executable_path/Frameworks @loader_path/Frameworks";
				PRODUCT_BUNDLE_IDENTIFIER = dd.HandWarmerUITests;
				PRODUCT_NAME = "$(TARGET_NAME)";
				TEST_TARGET_NAME = HandWarmer;
			};
			name = Debug;
		};
		3694B07F1D911FD600349B4E /* Release */ = {
			isa = XCBuildConfiguration;
			buildSettings = {
				INFOPLIST_FILE = HandWarmerUITests/Info.plist;
				LD_RUNPATH_SEARCH_PATHS = "$(inherited) @executable_path/Frameworks @loader_path/Frameworks";
				PRODUCT_BUNDLE_IDENTIFIER = dd.HandWarmerUITests;
				PRODUCT_NAME = "$(TARGET_NAME)";
				TEST_TARGET_NAME = HandWarmer;
			};
			name = Release;
		};
/* End XCBuildConfiguration section */

/* Begin XCConfigurationList section */
		3694B0451D911FD600349B4E /* Build configuration list for PBXProject "HandWarmer" */ = {
			isa = XCConfigurationList;
			buildConfigurations = (
				3694B0751D911FD600349B4E /* Debug */,
				3694B0761D911FD600349B4E /* Release */,
			);
			defaultConfigurationIsVisible = 0;
			defaultConfigurationName = Release;
		};
		3694B0771D911FD600349B4E /* Build configuration list for PBXNativeTarget "HandWarmer" */ = {
			isa = XCConfigurationList;
			buildConfigurations = (
				3694B0781D911FD600349B4E /* Debug */,
				3694B0791D911FD600349B4E /* Release */,
			);
			defaultConfigurationIsVisible = 0;
		};
		3694B07A1D911FD600349B4E /* Build configuration list for PBXNativeTarget "HandWarmerTests" */ = {
			isa = XCConfigurationList;
			buildConfigurations = (
				3694B07B1D911FD600349B4E /* Debug */,
				3694B07C1D911FD600349B4E /* Release */,
			);
			defaultConfigurationIsVisible = 0;
		};
		3694B07D1D911FD600349B4E /* Build configuration list for PBXNativeTarget "HandWarmerUITests" */ = {
			isa = XCConfigurationList;
			buildConfigurations = (
				3694B07E1D911FD600349B4E /* Debug */,
				3694B07F1D911FD600349B4E /* Release */,
			);
			defaultConfigurationIsVisible = 0;
		};
/* End XCConfigurationList section */
	};
	rootObject = 3694B0421D911FD600349B4E /* Project object */;
}
